
Microsoft Visual Studio Solution File, Format Version 12.00
# Visual Studio Version 17
VisualStudioVersion = 17.5.002.0
MinimumVisualStudioVersion = 10.0.40219.1
Project("{9A19103F-16F7-4668-BE54-9A1E7A4F7556}") = "TrilhaApiDesafio", "TrilhaApiDesafio.csproj", "{8CD97A1E-B9B9-41C3-82AA-F09FB6935379}"
EndProject
Global
	GlobalSection(SolutionConfigurationPlatforms) = preSolution
		Debug|Any CPU = Debug|Any CPU
		Release|Any CPU = Release|Any CPU
	EndGlobalSection
	GlobalSection(ProjectConfigurationPlatforms) = postSolution
		{8CD97A1E-B9B9-41C3-82AA-F09FB6935379}.Debug|Any CPU.ActiveCfg = Debug|Any CPU
		{8CD97A1E-B9B9-41C3-82AA-F09FB6935379}.Debug|Any CPU.Build.0 = Debug|Any CPU
		{8CD97A1E-B9B9-41C3-82AA-F09FB6935379}.Release|Any CPU.ActiveCfg = Release|Any CPU
		{8CD97A1E-B9B9-41C3-82AA-F09FB6935379}.Release|Any CPU.Build.0 = Release|Any CPU
	EndGlobalSection
	GlobalSection(SolutionProperties) = preSolution
		HideSolutionNode = FALSE
	EndGlobalSection
	GlobalSection(ExtensibilityGlobals) = postSolution
		SolutionGuid = {F960912D-E994-4E48-90A3-28F80997A233}
	EndGlobalSection
EndGlobal
